
Microsoft Visual Studio Solution File, Format Version 12.00
# Visual Studio Version 16
VisualStudioVersion = 16.0.31624.102
MinimumVisualStudioVersion = 10.0.40219.1
Project("{9A19103F-16F7-4668-BE54-9A1E7A4F7556}") = "HeartBeatCalculator", "HeartBeatCalculator\HeartBeatCalculator.csproj", "{626ADE29-00D4-44E1-ADEB-71700E31E6F3}"
EndProject
Project("{9A19103F-16F7-4668-BE54-9A1E7A4F7556}") = "HeartBeatCalculator.Tests", "Tests\HeartBeatCalculator.Tests\HeartBeatCalculator.Tests.csproj", "{A4AF198A-A715-41D0-AF13-566BA976B5C4}"
EndProject
Global
	GlobalSection(SolutionConfigurationPlatforms) = preSolution
		Debug|Any CPU = Debug|Any CPU
		Release|Any CPU = Release|Any CPU
	EndGlobalSection
	GlobalSection(ProjectConfigurationPlatforms) = postSolution
		{626ADE29-00D4-44E1-ADEB-71700E31E6F3}.Debug|Any CPU.ActiveCfg = Debug|Any CPU
		{626ADE29-00D4-44E1-ADEB-71700E31E6F3}.Debug|Any CPU.Build.0 = Debug|Any CPU
		{626ADE29-00D4-44E1-ADEB-71700E31E6F3}.Release|Any CPU.ActiveCfg = Release|Any CPU
		{626ADE29-00D4-44E1-ADEB-71700E31E6F3}.Release|Any CPU.Build.0 = Release|Any CPU
		{A4AF198A-A715-41D0-AF13-566BA976B5C4}.Debug|Any CPU.ActiveCfg = Debug|Any CPU
		{A4AF198A-A715-41D0-AF13-566BA976B5C4}.Debug|Any CPU.Build.0 = Debug|Any CPU
		{A4AF198A-A715-41D0-AF13-566BA976B5C4}.Release|Any CPU.ActiveCfg = Release|Any CPU
		{A4AF198A-A715-41D0-AF13-566BA976B5C4}.Release|Any CPU.Build.0 = Release|Any CPU
	EndGlobalSection
	GlobalSection(SolutionProperties) = preSolution
		HideSolutionNode = FALSE
	EndGlobalSection
	GlobalSection(ExtensibilityGlobals) = postSolution
		SolutionGuid = {6530C651-811A-421F-BA7A-F37E4F0A01D4}
	EndGlobalSection
EndGlobal
